// !$*UTF8*$!
{
	archiveVersion = 1;
	classes = {
	};
	objectVersion = 46;
	objects = {

/* Begin PBXBuildFile section */
		5581267E1CD6B8280090C384 /* Help in Resources */ = {isa = PBXBuildFile; fileRef = 5581267D1CD6B8280090C384 /* Help */; };
		55DE0E651CD6AC760036447D /* AppDelegate.swift in Sources */ = {isa = PBXBuildFile; fileRef = 55DE0E641CD6AC760036447D /* AppDelegate.swift */; };
		55DE0E671CD6AC760036447D /* Assets.xcassets in Resources */ = {isa = PBXBuildFile; fileRef = 55DE0E661CD6AC760036447D /* Assets.xcassets */; };
		55DE0E6A1CD6AC760036447D /* MainMenu.xib in Resources */ = {isa = PBXBuildFile; fileRef = 55DE0E681CD6AC760036447D /* MainMenu.xib */; };
		55DE0E731CD6AC940036447D /* MasterDetailSourceListWindowController.swift in Sources */ = {isa = PBXBuildFile; fileRef = 55DE0E711CD6AC940036447D /* MasterDetailSourceListWindowController.swift */; };
		55DE0E741CD6AC940036447D /* MasterDetailSourceListWindowController.xib in Resources */ = {isa = PBXBuildFile; fileRef = 55DE0E721CD6AC940036447D /* MasterDetailSourceListWindowController.xib */; };
		55DE0E771CD6ACA30036447D /* RTFViewController.swift in Sources */ = {isa = PBXBuildFile; fileRef = 55DE0E751CD6ACA30036447D /* RTFViewController.swift */; };
		55DE0E781CD6ACA30036447D /* RTFViewController.xib in Resources */ = {isa = PBXBuildFile; fileRef = 55DE0E761CD6ACA30036447D /* RTFViewController.xib */; };
		55DE0E7A1CD6ACF80036447D /* HelpWindowController.swift in Sources */ = {isa = PBXBuildFile; fileRef = 55DE0E791CD6ACF80036447D /* HelpWindowController.swift */; };
/* End PBXBuildFile section */

/* Begin PBXFileReference section */
		5581267D1CD6B8280090C384 /* Help */ = {isa = PBXFileReference; lastKnownFileType = folder; path = Help; sourceTree = "<group>"; };
		55DE0E611CD6AC760036447D /* HelpWindow.app */ = {isa = PBXFileReference; explicitFileType = wrapper.application; includeInIndex = 0; path = HelpWindow.app; sourceTree = BUILT_PRODUCTS_DIR; };
		55DE0E641CD6AC760036447D /* AppDelegate.swift */ = {isa = PBXFileReference; lastKnownFileType = sourcecode.swift; path = AppDelegate.swift; sourceTree = "<group>"; };
		55DE0E661CD6AC760036447D /* Assets.xcassets */ = {isa = PBXFileReference; lastKnownFileType = folder.assetcatalog; path = Assets.xcassets; sourceTree = "<group>"; };
		55DE0E691CD6AC760036447D /* Base */ = {isa = PBXFileReference; lastKnownFileType = file.xib; name = Base; path = Base.lproj/MainMenu.xib; sourceTree = "<group>"; };
		55DE0E6B1CD6AC760036447D /* Info.plist */ = {isa = PBXFileReference; lastKnownFileType = text.plist.xml; path = Info.plist; sourceTree = "<group>"; };
		55DE0E711CD6AC940036447D /* MasterDetailSourceListWindowController.swift */ = {isa = PBXFileReference; fileEncoding = 4; lastKnownFileType = sourcecode.swift; name = MasterDetailSourceListWindowController.swift; path = ../../MasterDetailSourceListWindow/MasterDetailSourceListWindowController.swift; sourceTree = "<group>"; };
		55DE0E721CD6AC940036447D /* MasterDetailSourceListWindowController.xib */ = {isa = PBXFileReference; fileEncoding = 4; lastKnownFileType = file.xib; name = MasterDetailSourceListWindowController.xib; path = ../../MasterDetailSourceListWindow/MasterDetailSourceListWindowController.xib; sourceTree = "<group>"; };
		55DE0E751CD6ACA30036447D /* RTFViewController.swift */ = {isa = PBXFileReference; fileEncoding = 4; lastKnownFileType = sourcecode.swift; name = RTFViewController.swift; path = ../../RTFViewController/RTFViewController/RTFViewController.swift; sourceTree = "<group>"; };
		55DE0E761CD6ACA30036447D /* RTFViewController.xib */ = {isa = PBXFileReference; fileEncoding = 4; lastKnownFileType = file.xib; name = RTFViewController.xib; path = ../../RTFViewController/RTFViewController/RTFViewController.xib; sourceTree = "<group>"; };
		55DE0E791CD6ACF80036447D /* HelpWindowController.swift */ = {isa = PBXFileReference; fileEncoding = 4; lastKnownFileType = sourcecode.swift; path = HelpWindowController.swift; sourceTree = "<group>"; };
/* End PBXFileReference section */

/* Begin PBXFrameworksBuildPhase section */
		55DE0E5E1CD6AC760036447D /* Frameworks */ = {
			isa = PBXFrameworksBuildPhase;
			buildActionMask = 2147483647;
			files = (
			);
			runOnlyForDeploymentPostprocessing = 0;
		};
/* End PBXFrameworksBuildPhase section */

/* Begin PBXGroup section */
		5581267F1CD6B9060090C384 /* Resources */ = {
			isa = PBXGroup;
			children = (
				55DE0E661CD6AC760036447D /* Assets.xcassets */,
				5581267D1CD6B8280090C384 /* Help */,
			);
			name = Resources;
			sourceTree = "<group>";
		};
		55DE0E581CD6AC760036447D = {
			isa = PBXGroup;
			children = (
				55DE0E631CD6AC760036447D /* HelpWindow */,
				55DE0E621CD6AC760036447D /* Products */,
			);
			sourceTree = "<group>";
		};
		55DE0E621CD6AC760036447D /* Products */ = {
			isa = PBXGroup;
			children = (
				55DE0E611CD6AC760036447D /* HelpWindow.app */,
			);
			name = Products;
			sourceTree = "<group>";
		};
		55DE0E631CD6AC760036447D /* HelpWindow */ = {
			isa = PBXGroup;
			children = (
				55DE0E641CD6AC760036447D /* AppDelegate.swift */,
				55DE0E681CD6AC760036447D /* MainMenu.xib */,
				55DE0E6B1CD6AC760036447D /* Info.plist */,
				55DE0E711CD6AC940036447D /* MasterDetailSourceListWindowController.swift */,
				55DE0E721CD6AC940036447D /* MasterDetailSourceListWindowController.xib */,
				55DE0E751CD6ACA30036447D /* RTFViewController.swift */,
				55DE0E761CD6ACA30036447D /* RTFViewController.xib */,
				55DE0E791CD6ACF80036447D /* HelpWindowController.swift */,
				5581267F1CD6B9060090C384 /* Resources */,
			);
			path = HelpWindow;
			sourceTree = "<group>";
		};
/* End PBXGroup section */

/* Begin PBXNativeTarget section */
		55DE0E601CD6AC760036447D /* HelpWindow */ = {
			isa = PBXNativeTarget;
			buildConfigurationList = 55DE0E6E1CD6AC760036447D /* Build configuration list for PBXNativeTarget "HelpWindow" */;
			buildPhases = (
				55DE0E5D1CD6AC760036447D /* Sources */,
				55DE0E5E1CD6AC760036447D /* Frameworks */,
				55DE0E5F1CD6AC760036447D /* Resources */,
			);
			buildRules = (
			);
			dependencies = (
			);
			name = HelpWindow;
			productName = HelpWindow;
			productReference = 55DE0E611CD6AC760036447D /* HelpWindow.app */;
			productType = "com.apple.product-type.application";
		};
/* End PBXNativeTarget section */

/* Begin PBXProject section */
		55DE0E591CD6AC760036447D /* Project object */ = {
			isa = PBXProject;
			attributes = {
				LastSwiftUpdateCheck = 0730;
				LastUpgradeCheck = 0730;
				ORGANIZATIONNAME = "Uli Kusterer";
				TargetAttributes = {
					55DE0E601CD6AC760036447D = {
						CreatedOnToolsVersion = 7.3;
					};
				};
			};
			buildConfigurationList = 55DE0E5C1CD6AC760036447D /* Build configuration list for PBXProject "HelpWindow" */;
			compatibilityVersion = "Xcode 3.2";
			developmentRegion = English;
			hasScannedForEncodings = 0;
			knownRegions = (
				en,
				Base,
			);
			mainGroup = 55DE0E581CD6AC760036447D;
			productRefGroup = 55DE0E621CD6AC760036447D /* Products */;
			projectDirPath = "";
			projectRoot = "";
			targets = (
				55DE0E601CD6AC760036447D /* HelpWindow */,
			);
		};
/* End PBXProject section */

/* Begin PBXResourcesBuildPhase section */
		55DE0E5F1CD6AC760036447D /* Resources */ = {
			isa = PBXResourcesBuildPhase;
			buildActionMask = 2147483647;
			files = (
				55DE0E671CD6AC760036447D /* Assets.xcassets in Resources */,
				5581267E1CD6B8280090C384 /* Help in Resources */,
				55DE0E781CD6ACA30036447D /* RTFViewController.xib in Resources */,
				55DE0E6A1CD6AC760036447D /* MainMenu.xib in Resources */,
				55DE0E741CD6AC940036447D /* MasterDetailSourceListWindowController.xib in Resources */,
			);
			runOnlyForDeploymentPostprocessing = 0;
		};
/* End PBXResourcesBuildPhase section */

/* Begin PBXSourcesBuildPhase section */
		55DE0E5D1CD6AC760036447D /* Sources */ = {
			isa = PBXSourcesBuildPhase;
			buildActionMask = 2147483647;
			files = (
				55DE0E771CD6ACA30036447D /* RTFViewController.swift in Sources */,
				55DE0E651CD6AC760036447D /* AppDelegate.swift in Sources */,
				55DE0E7A1CD6ACF80036447D /* HelpWindowController.swift in Sources */,
				55DE0E731CD6AC940036447D /* MasterDetailSourceListWindowController.swift in Sources */,
			);
			runOnlyForDeploymentPostprocessing = 0;
		};
/* End PBXSourcesBuildPhase section */

/* Begin PBXVariantGroup section */
		55DE0E681CD6AC760036447D /* MainMenu.xib */ = {
			isa = PBXVariantGroup;
			children = (
				55DE0E691CD6AC760036447D /* Base */,
			);
			name = MainMenu.xib;
			sourceTree = "<group>";
		};
/* End PBXVariantGroup section */

/* Begin XCBuildConfiguration section */
		55DE0E6C1CD6AC760036447D /* Debug */ = {
			isa = XCBuildConfiguration;
			buildSettings = {
				ALWAYS_SEARCH_USER_PATHS = NO;
				CLANG_ANALYZER_NONNULL = YES;
				CLANG_CXX_LANGUAGE_STANDARD = "gnu++0x";
				CLANG_CXX_LIBRARY = "libc++";
				CLANG_ENABLE_MODULES = YES;
				CLANG_ENABLE_OBJC_ARC = YES;
				CLANG_WARN_BOOL_CONVERSION = YES;
				CLANG_WARN_CONSTANT_CONVERSION = YES;
				CLANG_WARN_DIRECT_OBJC_ISA_USAGE = YES_ERROR;
				CLANG_WARN_EMPTY_BODY = YES;
				CLANG_WARN_ENUM_CONVERSION = YES;
				CLANG_WARN_INT_CONVERSION = YES;
				CLANG_WARN_OBJC_ROOT_CLASS = YES_ERROR;
				CLANG_WARN_UNREACHABLE_CODE = YES;
				CLANG_WARN__DUPLICATE_METHOD_MATCH = YES;
				CODE_SIGN_IDENTITY = "-";
				COPY_PHASE_STRIP = NO;
				DEBUG_INFORMATION_FORMAT = dwarf;
				ENABLE_STRICT_OBJC_MSGSEND = YES;
				ENABLE_TESTABILITY = YES;
				GCC_C_LANGUAGE_STANDARD = gnu99;
				GCC_DYNAMIC_NO_PIC = NO;
				GCC_NO_COMMON_BLOCKS = YES;
				GCC_OPTIMIZATION_LEVEL = 0;
				GCC_PREPROCESSOR_DEFINITIONS = (
					"DEBUG=1",
					"$(inherited)",
				);
				GCC_WARN_64_TO_32_BIT_CONVERSION = YES;
				GCC_WARN_ABOUT_RETURN_TYPE = YES_ERROR;
				GCC_WARN_UNDECLARED_SELECTOR = YES;
				GCC_WARN_UNINITIALIZED_AUTOS = YES_AGGRESSIVE;
				GCC_WARN_UNUSED_FUNCTION = YES;
				GCC_WARN_UNUSED_VARIABLE = YES;
				MACOSX_DEPLOYMENT_TARGET = 10.11;
				MTL_ENABLE_DEBUG_INFO = YES;
				ONLY_ACTIVE_ARCH = YES;
				SDKROOT = macosx;
				SWIFT_OPTIMIZATION_LEVEL = "-Onone";
				SWIFT_VERSION = 4.0;
			};
			name = Debug;
		};
		55DE0E6D1CD6AC760036447D /* Release */ = {
			isa = XCBuildConfiguration;
			buildSettings = {
				ALWAYS_SEARCH_USER_PATHS = NO;
				CLANG_ANALYZER_NONNULL = YES;
				CLANG_CXX_LANGUAGE_STANDARD = "gnu++0x";
				CLANG_CXX_LIBRARY = "libc++";
				CLANG_ENABLE_MODULES = YES;
				CLANG_ENABLE_OBJC_ARC = YES;
				CLANG_WARN_BOOL_CONVERSION = YES;
				CLANG_WARN_CONSTANT_CONVERSION = YES;
				CLANG_WARN_DIRECT_OBJC_ISA_USAGE = YES_ERROR;
				CLANG_WARN_EMPTY_BODY = YES;
				CLANG_WARN_ENUM_CONVERSION = YES;
				CLANG_WARN_INT_CONVERSION = YES;
				CLANG_WARN_OBJC_ROOT_CLASS = YES_ERROR;
				CLANG_WARN_UNREACHABLE_CODE = YES;
				CLANG_WARN__DUPLICATE_METHOD_MATCH = YES;
				CODE_SIGN_IDENTITY = "-";
				COPY_PHASE_STRIP = NO;
				DEBUG_INFORMATION_FORMAT = "dwarf-with-dsym";
				ENABLE_NS_ASSERTIONS = NO;
				ENABLE_STRICT_OBJC_MSGSEND = YES;
				GCC_C_LANGUAGE_STANDARD = gnu99;
				GCC_NO_COMMON_BLOCKS = YES;
				GCC_WARN_64_TO_32_BIT_CONVERSION = YES;
				GCC_WARN_ABOUT_RETURN_TYPE = YES_ERROR;
				GCC_WARN_UNDECLARED_SELECTOR = YES;
				GCC_WARN_UNINITIALIZED_AUTOS = YES_AGGRESSIVE;
				GCC_WARN_UNUSED_FUNCTION = YES;
				GCC_WARN_UNUSED_VARIABLE = YES;
				MACOSX_DEPLOYMENT_TARGET = 10.11;
				MTL_ENABLE_DEBUG_INFO = NO;
				SDKROOT = macosx;
				SWIFT_VERSION = 4.0;
			};
			name = Release;
		};
		55DE0E6F1CD6AC760036447D /* Debug */ = {
			isa = XCBuildConfiguration;
			buildSettings = {
				ASSETCATALOG_COMPILER_APPICON_NAME = AppIcon;
				COMBINE_HIDPI_IMAGES = YES;
				INFOPLIST_FILE = HelpWindow/Info.plist;
				LD_RUNPATH_SEARCH_PATHS = "$(inherited) @executable_path/../Frameworks";
				PRODUCT_BUNDLE_IDENTIFIER = com.thevoidsoftware.HelpWindow;
				PRODUCT_NAME = "$(TARGET_NAME)";
			};
			name = Debug;
		};
		55DE0E701CD6AC760036447D /* Release */ = {
			isa = XCBuildConfiguration;
			buildSettings = {
				ASSETCATALOG_COMPILER_APPICON_NAME = AppIcon;
				COMBINE_HIDPI_IMAGES = YES;
				INFOPLIST_FILE = HelpWindow/Info.plist;
				LD_RUNPATH_SEARCH_PATHS = "$(inherited) @executable_path/../Frameworks";
				PRODUCT_BUNDLE_IDENTIFIER = com.thevoidsoftware.HelpWindow;
				PRODUCT_NAME = "$(TARGET_NAME)";
			};
			name = Release;
		};
/* End XCBuildConfiguration section */

/* Begin XCConfigurationList section */
		55DE0E5C1CD6AC760036447D /* Build configuration list for PBXProject "HelpWindow" */ = {
			isa = XCConfigurationList;
			buildConfigurations = (
				55DE0E6C1CD6AC760036447D /* Debug */,
				55DE0E6D1CD6AC760036447D /* Release */,
			);
			defaultConfigurationIsVisible = 0;
			defaultConfigurationName = Release;
		};
		55DE0E6E1CD6AC760036447D /* Build configuration list for PBXNativeTarget "HelpWindow" */ = {
			isa = XCConfigurationList;
			buildConfigurations = (
				55DE0E6F1CD6AC760036447D /* Debug */,
				55DE0E701CD6AC760036447D /* Release */,
			);
			defaultConfigurationIsVisible = 0;
			defaultConfigurationName = Release;
		};
/* End XCConfigurationList section */
	};
	rootObject = 55DE0E591CD6AC760036447D /* Project object */;
}
